# @generated by Move, please check-in and do not edit manually.

[move]
version = 0
manifest_digest = "FF50531CDA603A15045BD70DDD3FAF4416B22797882E87C0CE74D99527A9C5AC"

dependencies = [
  { name = "sui-axelar-cgp" },
]

[[move.package]]
name = "MoveStdlib"
source = { local = "../../../node_modules/sui-monorepo/crates/sui-framework/packages/move-stdlib" }

[[move.package]]
name = "Sui"
source = { local = "../../../node_modules/sui-monorepo/crates/sui-framework/packages/sui-framework" }

dependencies = [
  { name = "MoveStdlib" },
]

[[move.package]]
name = "sui-axelar-cgp"
source = { local = "../../../node_modules/sui-monorepo/crates/sui-axelar-cgp/move" }

dependencies = [
  { name = "Sui" },
]
