# @generated by Move, please check-in and do not edit manually.

[move]
version = 0
manifest_digest = "40E7CC48C373DB6DD2C189111F63B77B78F93EE3EA2E1256D46DF2BD70069755"
deps_digest = "C6C93A018C0B43F8AA8899B23B42E757DF9300785637696481F59EBFA35625D2"

dependencies = [
  { name = "Sui" },
  { name = "axelar" },
]

[[move.package]]
name = "MoveStdlib"
source = { git = "https://github.com/MystenLabs/sui.git", rev = "77a9e0d", subdir = "crates/sui-framework/packages/move-stdlib" }

[[move.package]]
name = "Sui"
source = { git = "https://github.com/MystenLabs/sui.git", rev = "77a9e0d", subdir = "crates/sui-framework/packages/sui-framework" }

dependencies = [
  { name = "MoveStdlib" },
]

[[move.package]]
name = "axelar"
source = { local = "../axelar" }

dependencies = [
  { name = "Sui" },
]
