# @generated by Move, please check-in and do not edit manually.

[move]
version = 0
manifest_digest = "B9756E20D89B038C4DA36DD158F55936F14526859C71CDB9AFEA61AE4AAD0903"
deps_digest = "3C4103934B1E040BB6B23F1D610B4EF9F2F1166A50A104EADCF77467C004C600"

dependencies = [
  { name = "Axelar" },
  { name = "Sui" },
]

[[move.package]]
name = "Axelar"
source = { local = "../../../../node_modules/@axelar-network/axelar-cgp-sui/move/axelar" }

dependencies = [
  { name = "Sui" },
]

[[move.package]]
name = "MoveStdlib"
source = { git = "https://github.com/MystenLabs/sui.git", rev = "framework/devnet", subdir = "crates/sui-framework/packages/move-stdlib" }

[[move.package]]
name = "Sui"
source = { git = "https://github.com/MystenLabs/sui.git", rev = "framework/devnet", subdir = "crates/sui-framework/packages/sui-framework" }

dependencies = [
  { name = "MoveStdlib" },
]
