# @generated by Move, please check-in and do not edit manually.

[move]
version = 0
manifest_digest = "0EDEB57066A8F166917A87099F7DEC502108CDA37430B4E948FE20B60EA16A71"
deps_digest = "3C4103934B1E040BB6B23F1D610B4EF9F2F1166A50A104EADCF77467C004C600"

dependencies = [
  { name = "Axelar" },
  { name = "Sui" },
]

[[move.package]]
name = "Axelar"
source = { local = "../../../../node_modules/@axelar-network/axelar-cgp-sui/move/axelar" }

dependencies = [
  { name = "Sui" },
]

[[move.package]]
name = "MoveStdlib"
source = { git = "https://github.com/MystenLabs/sui.git", rev = "framework/testnet", subdir = "crates/sui-framework/packages/move-stdlib" }

[[move.package]]
name = "Sui"
source = { git = "https://github.com/MystenLabs/sui.git", rev = "framework/testnet", subdir = "crates/sui-framework/packages/sui-framework" }

dependencies = [
  { name = "MoveStdlib" },
]
