# THIS IS AN AUTOGENERATED FILE. DO NOT EDIT THIS FILE DIRECTLY.
# yarn lockfile v1


"@agoric/base-zone@workspace:*":
  version "0.1.1-upgrade-21-dev-43b4090.0"
  resolved "https://registry.yarnpkg.com/@agoric/base-zone/-/base-zone-0.1.1-upgrade-21-dev-43b4090.0.tgz#e01cfcdd0dfe0d2670893bef12f4e8dabb36a0f3"
  integrity sha512-HC17WxPMMbl+KgOXRSLBqA3s9o+y1p7CuFJJMzkkDGigsTALvP1XRC7jh5s8Y3qkMPiR8nSt1jBL6hujQN21QA==
  dependencies:
    "@agoric/store" "workspace:*"
    "@endo/common" "^1.2.10"
    "@endo/errors" "^1.2.10"
    "@endo/exo" "^1.5.9"
    "@endo/far" "^1.1.11"
    "@endo/pass-style" "^1.5.0"
    "@endo/patterns" "^1.5.0"

"@agoric/cosmic-proto@^0.5.0-u21.0":
  version "0.5.0-u21.0"
  resolved "https://registry.yarnpkg.com/@agoric/cosmic-proto/-/cosmic-proto-0.5.0-u21.0.tgz#fe4ae1bdb2f22275689faf1efd42793a88b26c35"
  integrity sha512-e1+KhldsxUBcl4L49L3Wlx8yE3+Hc/mrTTvB7v1LWX6Si4/ef9jMPZQJDgWrdVzARKXLdAni9uIvuORJ4AxF8Q==
  dependencies:
    "@endo/base64" "^1.0.9"
    "@endo/init" "^1.1.9"
    bech32 "^2.0.0"
    query-string "^9.1.1"

"@agoric/internal@^0.4.0-u21.0":
  version "0.4.0-u21.0"
  resolved "https://registry.yarnpkg.com/@agoric/internal/-/internal-0.4.0-u21.0.tgz#bfa84f2caa32e0d4e6fdad31fe7c60feb0bbac7d"
  integrity sha512-mK+j2MmFSxTUZjLhezyWHATqOLl6w31Po6SFSk3bRCSYlkUF2bWie1018IqSw7imlKhVrK3WXDzkYzlsgte5bA==
  dependencies:
    "@agoric/base-zone" "workspace:*"
    "@endo/common" "^1.2.10"
    "@endo/compartment-mapper" "^1.6.0"
    "@endo/errors" "^1.2.10"
    "@endo/eventual-send" "^1.3.1"
    "@endo/far" "^1.1.11"
    "@endo/init" "^1.1.9"
    "@endo/marshal" "^1.6.4"
    "@endo/nat" "^5.1.0"
    "@endo/pass-style" "^1.5.0"
    "@endo/patterns" "^1.5.0"
    "@endo/promise-kit" "^1.1.10"
    "@endo/stream" "^1.2.10"
    anylogger "^0.21.0"
    jessie.js "^0.3.4"

"@agoric/store@workspace:*":
  version "0.9.3-upgrade-21-dev-43b4090.0"
  resolved "https://registry.yarnpkg.com/@agoric/store/-/store-0.9.3-upgrade-21-dev-43b4090.0.tgz#41f1904f7bf0334f389f2e5095464c614adc4bf4"
  integrity sha512-3xT384AzNMwZFUreo9dBp5DAr8LLOVygmDHT31djLojZ7i47uFz2keCABGriCm29RXbB2Uq7Wl1hwoEuPR9UGw==
  dependencies:
    "@endo/errors" "^1.2.10"
    "@endo/exo" "^1.5.9"
    "@endo/marshal" "^1.6.4"
    "@endo/pass-style" "^1.5.0"
    "@endo/patterns" "^1.5.0"

"@babel/code-frame@^7.25.9", "@babel/code-frame@^7.27.1":
  version "7.27.1"
  resolved "https://registry.yarnpkg.com/@babel/code-frame/-/code-frame-7.27.1.tgz#200f715e66d52a23b221a9435534a91cc13ad5be"
  integrity sha512-cjQ7ZlQ0Mv3b47hABuTevyTuYN4i+loJKGeV9flcCgIK37cCXRh+L1bd3iBHlynerhQ7BhCkn2BPbQUL+rGqFg==
  dependencies:
    "@babel/helper-validator-identifier" "^7.27.1"
    js-tokens "^4.0.0"
    picocolors "^1.1.1"

"@babel/generator@^7.25.9", "@babel/generator@^7.26.3":
  version "7.28.0"
  resolved "https://registry.yarnpkg.com/@babel/generator/-/generator-7.28.0.tgz#9cc2f7bd6eb054d77dc66c2664148a0c5118acd2"
  integrity sha512-lJjzvrbEeWrhB4P3QBsH7tey117PjLZnDbLiQEKjQ/fNJTjuq4HSqgFA+UNSwZT8D7dxxbnuSBMsa1lrWzKlQg==
  dependencies:
    "@babel/parser" "^7.28.0"
    "@babel/types" "^7.28.0"
    "@jridgewell/gen-mapping" "^0.3.12"
    "@jridgewell/trace-mapping" "^0.3.28"
    jsesc "^3.0.2"

"@babel/helper-string-parser@^7.25.9", "@babel/helper-string-parser@^7.27.1":
  version "7.27.1"
  resolved "https://registry.yarnpkg.com/@babel/helper-string-parser/-/helper-string-parser-7.27.1.tgz#54da796097ab19ce67ed9f88b47bb2ec49367687"
  integrity sha512-qMlSxKbpRlAridDExk92nSobyDdpPijUq2DW6oDnUqd0iOGxmQjyqhMIihI9+zv4LPyZdRje2cavWPbCbWm3eA==

"@babel/helper-validator-identifier@^7.25.9", "@babel/helper-validator-identifier@^7.27.1":
  version "7.27.1"
  resolved "https://registry.yarnpkg.com/@babel/helper-validator-identifier/-/helper-validator-identifier-7.27.1.tgz#a7054dcc145a967dd4dc8fee845a57c1316c9df8"
  integrity sha512-D2hP9eA+Sqx1kBZgzxZh0y1trbuU+JoDkiEwqhQ36nodYqJwyEIhPSdMNd7lOm/4io72luTPWH20Yda0xOuUow==

"@babel/parser@^7.25.9", "@babel/parser@^7.27.2", "@babel/parser@^7.28.0":
  version "7.28.0"
  resolved "https://registry.yarnpkg.com/@babel/parser/-/parser-7.28.0.tgz#979829fbab51a29e13901e5a80713dbcb840825e"
  integrity sha512-jVZGvOxOuNSsuQuLRTh13nU0AogFlw32w/MT+LV6D3sP5WdbW61E77RnkbaO2dUvmPAYrBDJXGn5gGS6tH4j8g==
  dependencies:
    "@babel/types" "^7.28.0"

"@babel/parser@~7.26.2":
  version "7.26.10"
  resolved "https://registry.yarnpkg.com/@babel/parser/-/parser-7.26.10.tgz#e9bdb82f14b97df6569b0b038edd436839c57749"
  integrity sha512-6aQR2zGE/QFi8JpDLjUZEPYOs7+mhKXm86VaKFiLP35JQwQb6bwUE+XbvkH0EptsYhbNBSUGaUBLKqxH1xSgsA==
  dependencies:
    "@babel/types" "^7.26.10"

"@babel/template@^7.25.9":
  version "7.27.2"
  resolved "https://registry.yarnpkg.com/@babel/template/-/template-7.27.2.tgz#fa78ceed3c4e7b63ebf6cb39e5852fca45f6809d"
  integrity sha512-LPDZ85aEJyYSd18/DkjNh4/y1ntkE5KwUHWTiqgRxruuZL2F1yuHligVHLvcHY2vMHXttKFpJn6LwfI7cw7ODw==
  dependencies:
    "@babel/code-frame" "^7.27.1"
    "@babel/parser" "^7.27.2"
    "@babel/types" "^7.27.1"

"@babel/traverse@~7.25.9":
  version "7.25.9"
  resolved "https://registry.yarnpkg.com/@babel/traverse/-/traverse-7.25.9.tgz#a50f8fe49e7f69f53de5bea7e413cd35c5e13c84"
  integrity sha512-ZCuvfwOwlz/bawvAuvcj8rrithP2/N55Tzz342AkTvq4qaWbGfmCk/tKhNaV2cthijKrPAA8SRJV5WWe7IBMJw==
  dependencies:
    "@babel/code-frame" "^7.25.9"
    "@babel/generator" "^7.25.9"
    "@babel/parser" "^7.25.9"
    "@babel/template" "^7.25.9"
    "@babel/types" "^7.25.9"
    debug "^4.3.1"
    globals "^11.1.0"

"@babel/types@^7.25.9", "@babel/types@^7.26.10", "@babel/types@^7.27.1", "@babel/types@^7.28.0":
  version "7.28.0"
  resolved "https://registry.yarnpkg.com/@babel/types/-/types-7.28.0.tgz#2fd0159a6dc7353933920c43136335a9b264d950"
  integrity sha512-jYnje+JyZG5YThjHiF28oT4SIZLnYOcSBb6+SDaFIyzDVSkXQmQQYclJ2R+YxcdmK0AX6x1E5OQNtuh3jHDrUg==
  dependencies:
    "@babel/helper-string-parser" "^7.27.1"
    "@babel/helper-validator-identifier" "^7.27.1"

"@babel/types@~7.26.0":
  version "7.26.10"
  resolved "https://registry.yarnpkg.com/@babel/types/-/types-7.26.10.tgz#396382f6335bd4feb65741eacfc808218f859259"
  integrity sha512-emqcG3vHrpxUKTrxcblR36dcrcoRDvKmnL/dCL6ZsHaShW80qxCAcNhzQZrpeM765VzEos+xOi4s+r4IXzTwdQ==
  dependencies:
    "@babel/helper-string-parser" "^7.25.9"
    "@babel/helper-validator-identifier" "^7.25.9"

"@endo/base64@^1.0.11", "@endo/base64@^1.0.9":
  version "1.0.11"
  resolved "https://registry.yarnpkg.com/@endo/base64/-/base64-1.0.11.tgz#b41cb7ba5302cf85f7b01fbfb4f6a9a5859b272b"
  integrity sha512-zPjRfpmy/KjWy7eyR9yCd7Gc3DwmnWtVjOB7cxOudBit/uHaUBrj9xM3W7bzcC7+M5CNVh86r0Whr1FJ2ftHyg==

"@endo/cjs-module-analyzer@^1.0.11":
  version "1.0.11"
  resolved "https://registry.yarnpkg.com/@endo/cjs-module-analyzer/-/cjs-module-analyzer-1.0.11.tgz#037140b83ee62ab5b64a82def030e266352ddffc"
  integrity sha512-zS+SjeUN4y7Ry7l0DSME05gUekLrfIZnhZ66q+1674BkQc4dk1eub2ZLgPDGoXOrBLtcadc7yxHwazilmMoQLQ==

"@endo/common@^1.2.10", "@endo/common@^1.2.12":
  version "1.2.12"
  resolved "https://registry.yarnpkg.com/@endo/common/-/common-1.2.12.tgz#9a49feef8d558511bbd4aeefcebf9f1179661f14"
  integrity sha512-w6rpzJtAAcLnwmh65eISXTsglvw42N+g1VMXs5UR+cllyqx5pnzvTaqHaxCt53LwDkYsGOMIvbQ4C++KSnawrg==
  dependencies:
    "@endo/errors" "^1.2.12"
    "@endo/eventual-send" "^1.3.3"
    "@endo/promise-kit" "^1.1.12"

"@endo/compartment-mapper@^1.6.0":
  version "1.6.2"
  resolved "https://registry.yarnpkg.com/@endo/compartment-mapper/-/compartment-mapper-1.6.2.tgz#6bfe69e64c084acab2d8def2f498b044c986e250"
  integrity sha512-rckYVNdPmMA7+cmLSOslAs8VnL1K6IV/Z+N/Jl8YlcpqxjiL4et4yqI6NzfVSCXN0x0DFq+NfbqgmCzHWkqFsw==
  dependencies:
    "@endo/cjs-module-analyzer" "^1.0.11"
    "@endo/module-source" "^1.3.2"
    "@endo/path-compare" "^1.1.0"
    "@endo/trampoline" "^1.0.5"
    "@endo/zip" "^1.0.11"
    ses "^1.13.1"

"@endo/env-options@^1.1.10":
  version "1.1.10"
  resolved "https://registry.yarnpkg.com/@endo/env-options/-/env-options-1.1.10.tgz#77e08f28d639c37b01908e329d5462cae5595732"
  integrity sha512-dnb9nAY+g8w7Rcfl+C1m1PMy88O/HnFNYb+d7eSepB+bxilFtiRcaUDHk6Rn/fJZKa0K0JEhgUqv7p/H4x81Kw==

"@endo/errors@^1.2.10", "@endo/errors@^1.2.12":
  version "1.2.12"
  resolved "https://registry.yarnpkg.com/@endo/errors/-/errors-1.2.12.tgz#019592412a8cd029f80008da8652963ade08547c"
  integrity sha512-sgkV6NY61TmS0oSpgXeDStTixPBqE4w3lj0bJfqlu+LtVLoWlKQULOk4I3FV2LolNrUvQdPdQx2kcw5xTPGOFw==
  dependencies:
    ses "^1.13.1"

"@endo/eventual-send@^1.3.1", "@endo/eventual-send@^1.3.3":
  version "1.3.3"
  resolved "https://registry.yarnpkg.com/@endo/eventual-send/-/eventual-send-1.3.3.tgz#3a67956b23e70ccd4dc3105eb5840a9240200186"
  integrity sha512-LjYUd4/hA4RjXYMigroieW51ahju7VsgBa8KiyQnSMAz1rot99a3cav+DklhSS+tMyM31zwZ3bNd3yfQEgpxtA==
  dependencies:
    "@endo/env-options" "^1.1.10"

"@endo/exo@^1.5.9":
  version "1.5.11"
  resolved "https://registry.yarnpkg.com/@endo/exo/-/exo-1.5.11.tgz#374eecc170d7184c3e3df59a383b3c9b07d3f28e"
  integrity sha512-p7BkV2mqtT0Q3zgG1xotem7W0fir7loKwc8YpWoGfVt3PbZ2PT6EtQwN33d8FvPrR46zWkLqQ5Az5LEjK0oLUQ==
  dependencies:
    "@endo/common" "^1.2.12"
    "@endo/env-options" "^1.1.10"
    "@endo/errors" "^1.2.12"
    "@endo/eventual-send" "^1.3.3"
    "@endo/far" "^1.1.13"
    "@endo/pass-style" "^1.6.2"
    "@endo/patterns" "^1.6.1"

"@endo/far@^1.0.0", "@endo/far@^1.1.11", "@endo/far@^1.1.13":
  version "1.1.13"
  resolved "https://registry.yarnpkg.com/@endo/far/-/far-1.1.13.tgz#437ed67d998c7ccd685c8eee6c40f22f0d6ad7f1"
  integrity sha512-fKtWPK9r2LcppB86HlIZaF/7Fy+UJSYz4yGbnShNuYMfcGUItToQf1j8M2ypn/xaLl1ckLcotRGBP3PIaCyhYA==
  dependencies:
    "@endo/errors" "^1.2.12"
    "@endo/eventual-send" "^1.3.3"
    "@endo/pass-style" "^1.6.2"

"@endo/immutable-arraybuffer@^1.1.1":
  version "1.1.1"
  resolved "https://registry.yarnpkg.com/@endo/immutable-arraybuffer/-/immutable-arraybuffer-1.1.1.tgz#ba81f43b80ab2c87aaab19eccc6e794977187b9f"
  integrity sha512-v57HL0airAsQi278qAxf7UM788EE1U/8D1JoALtWsDjz+bZ2C84NKy9uwVi7G1YmzesbQMB2nrvWRXavL6LftA==

"@endo/init@^1.1.9":
  version "1.1.11"
  resolved "https://registry.yarnpkg.com/@endo/init/-/init-1.1.11.tgz#6a37315c443aba85745252a8423aa43eeba5a328"
  integrity sha512-UpXORiMA+PsmN4cP9XMA1LN0TZvuU2RT5YwPTVxtRuTK+OChyx/lLg/FQ1ibQKxzRZ6D0N4nc/RTUYeUq2o2Pg==
  dependencies:
    "@endo/base64" "^1.0.11"
    "@endo/eventual-send" "^1.3.3"
    "@endo/lockdown" "^1.0.17"
    "@endo/promise-kit" "^1.1.12"

"@endo/lockdown@^1.0.17":
  version "1.0.17"
  resolved "https://registry.yarnpkg.com/@endo/lockdown/-/lockdown-1.0.17.tgz#e5269aa760db53da6ca292c1780d0092ebc7e322"
  integrity sha512-ZfF3uHkZ++qtRlA/JuLmHuePZsluEj7BAboEA5AVXVtPdwdLCax0aXu9bMP6nvSNhQxC33e28AQinQ36con89A==
  dependencies:
    ses "^1.13.1"

"@endo/marshal@^1.6.4", "@endo/marshal@^1.7.1":
  version "1.7.1"
  resolved "https://registry.yarnpkg.com/@endo/marshal/-/marshal-1.7.1.tgz#9986a99073e8e74e4cb16ca7c08266e041e5bfff"
  integrity sha512-Cp2iGW5PEsM03QD8DKvTU3xRXZ+Yxm6S0QOvhieJiIpdYnVXTHUQKlIfucbKNAJoKyKWiKDPrroSeCLgwgKtcA==
  dependencies:
    "@endo/common" "^1.2.12"
    "@endo/errors" "^1.2.12"
    "@endo/eventual-send" "^1.3.3"
    "@endo/nat" "^5.1.2"
    "@endo/pass-style" "^1.6.2"
    "@endo/promise-kit" "^1.1.12"

"@endo/module-source@^1.3.2":
  version "1.3.2"
  resolved "https://registry.yarnpkg.com/@endo/module-source/-/module-source-1.3.2.tgz#d9bdd76383b88367a6d2401cea1916d588c2b162"
  integrity sha512-x8s1a7iqz894KpmkrzLxXTjARNSHqqyKIptussnN510G85BjanuyZ1j03aWvhgeU0XPrs69Jj/ryuafW8WKjMw==
  dependencies:
    "@babel/generator" "^7.26.3"
    "@babel/parser" "~7.26.2"
    "@babel/traverse" "~7.25.9"
    "@babel/types" "~7.26.0"
    ses "^1.13.1"

"@endo/nat@^5.1.0", "@endo/nat@^5.1.2":
  version "5.1.2"
  resolved "https://registry.yarnpkg.com/@endo/nat/-/nat-5.1.2.tgz#90521ee1338a261bf413d14b075693e58cd98926"
  integrity sha512-1J2H6Jm8FuztxgyNy/CRODVRQ/AC6/5T60lvp+HCIeYWWwFOgUD9xkI7ck33jl8cGjC9iHyoPBj6s8AWrqlJDQ==

"@endo/pass-style@^1.5.0", "@endo/pass-style@^1.6.2":
  version "1.6.2"
  resolved "https://registry.yarnpkg.com/@endo/pass-style/-/pass-style-1.6.2.tgz#8d975c89c8666b6b29e58aeab7acd1ee3cb296f8"
  integrity sha512-+hn1CNms94R6SqFH88apSuwgR2HYPqsETneUlZL9rG6OXWYbrQE1WvY2eoWV/2PukJs7mb8BJQgTJKSnLWtRQw==
  dependencies:
    "@endo/common" "^1.2.12"
    "@endo/env-options" "^1.1.10"
    "@endo/errors" "^1.2.12"
    "@endo/eventual-send" "^1.3.3"
    "@endo/promise-kit" "^1.1.12"

"@endo/path-compare@^1.1.0":
  version "1.1.0"
  resolved "https://registry.yarnpkg.com/@endo/path-compare/-/path-compare-1.1.0.tgz#05eb9f2dab52a6638a6505594146a9f70c91fa77"
  integrity sha512-dKBykUBpZPLvvxB8CqOzSl1kJ9Bv4gzig34E5n2LQRj2xULaUjdgBm8DtMkORpIOPLrvJKWMoispwSlRXL/7OA==

"@endo/patterns@^1.5.0", "@endo/patterns@^1.6.1":
  version "1.6.1"
  resolved "https://registry.yarnpkg.com/@endo/patterns/-/patterns-1.6.1.tgz#a6a82d615ef9a9c7df960313c917fb669bf7571f"
  integrity sha512-ycdHh8sigkuRYHKc9gG43QK6kuFTT02N+iXJhsbeIrHYWkpTlkzRdWCvrWMWpCfcZmnTNyafAcGpoxauX0M2WQ==
  dependencies:
    "@endo/common" "^1.2.12"
    "@endo/errors" "^1.2.12"
    "@endo/eventual-send" "^1.3.3"
    "@endo/marshal" "^1.7.1"
    "@endo/pass-style" "^1.6.2"
    "@endo/promise-kit" "^1.1.12"

"@endo/promise-kit@^1.1.10", "@endo/promise-kit@^1.1.12":
  version "1.1.12"
  resolved "https://registry.yarnpkg.com/@endo/promise-kit/-/promise-kit-1.1.12.tgz#9849945d50511f98c31c257ed1e492b37af544f5"
  integrity sha512-V0CnMpxGdQGPfoT6/E9X/1P/7v7siOQ4dMdBnBCl3XW4T7QpXu/rhPxoaegsTJ6Gj0F83ogeCFmBFdkCTlVxFQ==
  dependencies:
    ses "^1.13.1"

"@endo/stream@^1.2.10":
  version "1.2.12"
  resolved "https://registry.yarnpkg.com/@endo/stream/-/stream-1.2.12.tgz#c3969a3637d09c8bdec07b1981e92af9784a0ad5"
  integrity sha512-7kJ6yccB4HWi3lK+L6+XrZmyumnn14gFfx2lymhep64ubXZUOFB9QDG1MtQ1ToTGxI28r/UxvPxoNlyxvPk+ow==
  dependencies:
    "@endo/eventual-send" "^1.3.3"
    "@endo/promise-kit" "^1.1.12"
    ses "^1.13.1"

"@endo/trampoline@^1.0.5":
  version "1.0.5"
  resolved "https://registry.yarnpkg.com/@endo/trampoline/-/trampoline-1.0.5.tgz#f44f2f1862a92b98bb4c780ccba91c2fc3161bb5"
  integrity sha512-75sXj6cvvJ7qpD8UVoUVTEQRay/X6y5OrFYH48iFEmTg1SJcEQlldjMI4mrvOyuHjtr+KnVlNr+zmrhAUtLm0w==

"@endo/zip@^1.0.11":
  version "1.0.11"
  resolved "https://registry.yarnpkg.com/@endo/zip/-/zip-1.0.11.tgz#80b561531fd9bb68c574affab20526321669ce79"
  integrity sha512-gx73xEyRFH3V/63eZAhrw1+t4tnpLG9n5RYzBwl3LR5mrtbrguGvx7fPoFww+oxjmkAgvGQUMVuJuqf11alAcg==

"@jridgewell/gen-mapping@^0.3.12":
  version "0.3.12"
  resolved "https://registry.yarnpkg.com/@jridgewell/gen-mapping/-/gen-mapping-0.3.12.tgz#2234ce26c62889f03db3d7fea43c1932ab3e927b"
  integrity sha512-OuLGC46TjB5BbN1dH8JULVVZY4WTdkF7tV9Ys6wLL1rubZnCMstOhNHueU5bLCrnRuDhKPDM4g6sw4Bel5Gzqg==
  dependencies:
    "@jridgewell/sourcemap-codec" "^1.5.0"
    "@jridgewell/trace-mapping" "^0.3.24"

"@jridgewell/resolve-uri@^3.1.0":
  version "3.1.2"
  resolved "https://registry.yarnpkg.com/@jridgewell/resolve-uri/-/resolve-uri-3.1.2.tgz#7a0ee601f60f99a20c7c7c5ff0c80388c1189bd6"
  integrity sha512-bRISgCIjP20/tbWSPWMEi54QVPRZExkuD9lJL+UIxUKtwVJA8wW1Trb1jMs1RFXo1CBTNZ/5hpC9QvmKWdopKw==

"@jridgewell/sourcemap-codec@^1.4.14", "@jridgewell/sourcemap-codec@^1.5.0":
  version "1.5.4"
  resolved "https://registry.yarnpkg.com/@jridgewell/sourcemap-codec/-/sourcemap-codec-1.5.4.tgz#7358043433b2e5da569aa02cbc4c121da3af27d7"
  integrity sha512-VT2+G1VQs/9oz078bLrYbecdZKs912zQlkelYpuf+SXF+QvZDYJlbx/LSx+meSAwdDFnF8FVXW92AVjjkVmgFw==

"@jridgewell/trace-mapping@^0.3.24", "@jridgewell/trace-mapping@^0.3.28":
  version "0.3.29"
  resolved "https://registry.yarnpkg.com/@jridgewell/trace-mapping/-/trace-mapping-0.3.29.tgz#a58d31eaadaf92c6695680b2e1d464a9b8fbf7fc"
  integrity sha512-uw6guiW/gcAGPDhLmd77/6lW8QLeiV5RUTsAX46Db6oLhGaVj4lhnPwb184s1bkc8kdVg/+h988dro8GRDpmYQ==
  dependencies:
    "@jridgewell/resolve-uri" "^3.1.0"
    "@jridgewell/sourcemap-codec" "^1.4.14"

"@sec-ant/readable-stream@^0.4.1":
  version "0.4.1"
  resolved "https://registry.yarnpkg.com/@sec-ant/readable-stream/-/readable-stream-0.4.1.tgz#60de891bb126abfdc5410fdc6166aca065f10a0c"
  integrity sha512-831qok9r2t8AlxLko40y2ebgSDhenenCatLVeW/uBtnHPyhHOvG0C7TvfgecV+wHzIm5KUICgzmVpWS+IMEAeg==

"@sindresorhus/merge-streams@^4.0.0":
  version "4.0.0"
  resolved "https://registry.yarnpkg.com/@sindresorhus/merge-streams/-/merge-streams-4.0.0.tgz#abb11d99aeb6d27f1b563c38147a72d50058e339"
  integrity sha512-tlqY9xq5ukxTUZBmoOp+m61cqwQD5pHJtFY3Mn8CA8ps6yghLH/Hw8UPdqg4OLmFW3IFlcXnQNmo/dh8HzXYIQ==

anylogger@^0.21.0:
  version "0.21.0"
  resolved "https://registry.yarnpkg.com/anylogger/-/anylogger-0.21.0.tgz#b6cbea631cd5e1c884e5c0fa007d80bde1b22bd4"
  integrity sha512-XJVplwflEff43l7aE48lW9gNoS0fpb1Ha4WttzjfTFlN3uJUIKALZ5oNWtwgRXPm/Q2dbp1EIddMbQ/AGHVX1A==

bech32@^2.0.0:
  version "2.0.0"
  resolved "https://registry.yarnpkg.com/bech32/-/bech32-2.0.0.tgz#078d3686535075c8c79709f054b1b226a133b355"
  integrity sha512-LcknSilhIGatDAsY1ak2I8VtGaHNhgMSYVxFrGLXv+xLHytaKZKcaUJJUE7qmBr7h33o5YQwP55pMI0xmkpJwg==

cross-spawn@^7.0.6:
  version "7.0.6"
  resolved "https://registry.yarnpkg.com/cross-spawn/-/cross-spawn-7.0.6.tgz#8a58fe78f00dcd70c370451759dfbfaf03e8ee9f"
  integrity sha512-uV2QOWP2nWzsy2aMp8aRibhi9dlzF5Hgh5SHaB9OiTGEyDTiJJyx0uy51QXdyWbtAHNua4XJzUKca3OzKUd3vA==
  dependencies:
    path-key "^3.1.0"
    shebang-command "^2.0.0"
    which "^2.0.1"

debug@^4.3.1:
  version "4.4.1"
  resolved "https://registry.yarnpkg.com/debug/-/debug-4.4.1.tgz#e5a8bc6cbc4c6cd3e64308b0693a3d4fa550189b"
  integrity sha512-KcKCqiftBJcZr++7ykoDIEwSa3XWowTfNPo92BYxjXiyYEVrUQh2aLyhxBCwww+heortUFxEJYcRzosstTEBYQ==
  dependencies:
    ms "^2.1.3"

decode-uri-component@^0.4.1:
  version "0.4.1"
  resolved "https://registry.yarnpkg.com/decode-uri-component/-/decode-uri-component-0.4.1.tgz#2ac4859663c704be22bf7db760a1494a49ab2cc5"
  integrity sha512-+8VxcR21HhTy8nOt6jf20w0c9CADrw1O8d+VZ/YzzCt4bJ3uBjw+D1q2osAB8RnpwwaeYBxy0HyKQxD5JBMuuQ==

execa@^9.5.2:
  version "9.6.0"
  resolved "https://registry.yarnpkg.com/execa/-/execa-9.6.0.tgz#38665530e54e2e018384108322f37f35ae74f3bc"
  integrity sha512-jpWzZ1ZhwUmeWRhS7Qv3mhpOhLfwI+uAX4e5fOcXqwMR7EcJ0pj2kV1CVzHVMX/LphnKWD3LObjZCoJ71lKpHw==
  dependencies:
    "@sindresorhus/merge-streams" "^4.0.0"
    cross-spawn "^7.0.6"
    figures "^6.1.0"
    get-stream "^9.0.0"
    human-signals "^8.0.1"
    is-plain-obj "^4.1.0"
    is-stream "^4.0.1"
    npm-run-path "^6.0.0"
    pretty-ms "^9.2.0"
    signal-exit "^4.1.0"
    strip-final-newline "^4.0.0"
    yoctocolors "^2.1.1"

figures@^6.1.0:
  version "6.1.0"
  resolved "https://registry.yarnpkg.com/figures/-/figures-6.1.0.tgz#935479f51865fa7479f6fa94fc6fc7ac14e62c4a"
  integrity sha512-d+l3qxjSesT4V7v2fh+QnmFnUWv9lSpjarhShNTgBOfA0ttejbQUAlHLitbjkoRiDulW0OPoQPYIGhIC8ohejg==
  dependencies:
    is-unicode-supported "^2.0.0"

filter-obj@^5.1.0:
  version "5.1.0"
  resolved "https://registry.yarnpkg.com/filter-obj/-/filter-obj-5.1.0.tgz#5bd89676000a713d7db2e197f660274428e524ed"
  integrity sha512-qWeTREPoT7I0bifpPUXtxkZJ1XJzxWtfoWWkdVGqa+eCr3SHW/Ocp89o8vLvbUuQnadybJpjOKu4V+RwO6sGng==

get-stream@^9.0.0:
  version "9.0.1"
  resolved "https://registry.yarnpkg.com/get-stream/-/get-stream-9.0.1.tgz#95157d21df8eb90d1647102b63039b1df60ebd27"
  integrity sha512-kVCxPF3vQM/N0B1PmoqVUqgHP+EeVjmZSQn+1oCRPxd2P21P2F19lIgbR3HBosbB1PUhOAoctJnfEn2GbN2eZA==
  dependencies:
    "@sec-ant/readable-stream" "^0.4.1"
    is-stream "^4.0.1"

globals@^11.1.0:
  version "11.12.0"
  resolved "https://registry.yarnpkg.com/globals/-/globals-11.12.0.tgz#ab8795338868a0babd8525758018c2a7eb95c42e"
  integrity sha512-WOBp/EEGUiIsJSp7wcv/y6MO+lV9UoncWqxuFfm8eBwzWNgyfBd6Gz+IeKQ9jCmyhoH99g15M3T+QaVHFjizVA==

human-signals@^8.0.1:
  version "8.0.1"
  resolved "https://registry.yarnpkg.com/human-signals/-/human-signals-8.0.1.tgz#f08bb593b6d1db353933d06156cedec90abe51fb"
  integrity sha512-eKCa6bwnJhvxj14kZk5NCPc6Hb6BdsU9DZcOnmQKSnO1VKrfV0zCvtttPZUsBvjmNDn8rpcJfpwSYnHBjc95MQ==

is-plain-obj@^4.1.0:
  version "4.1.0"
  resolved "https://registry.yarnpkg.com/is-plain-obj/-/is-plain-obj-4.1.0.tgz#d65025edec3657ce032fd7db63c97883eaed71f0"
  integrity sha512-+Pgi+vMuUNkJyExiMBt5IlFoMyKnr5zhJ4Uspz58WOhBF5QoIZkFyNHIbBAtHwzVAgk5RtndVNsDRN61/mmDqg==

is-stream@^4.0.1:
  version "4.0.1"
  resolved "https://registry.yarnpkg.com/is-stream/-/is-stream-4.0.1.tgz#375cf891e16d2e4baec250b85926cffc14720d9b"
  integrity sha512-Dnz92NInDqYckGEUJv689RbRiTSEHCQ7wOVeALbkOz999YpqT46yMRIGtSNl2iCL1waAZSx40+h59NV/EwzV/A==

is-unicode-supported@^2.0.0:
  version "2.1.0"
  resolved "https://registry.yarnpkg.com/is-unicode-supported/-/is-unicode-supported-2.1.0.tgz#09f0ab0de6d3744d48d265ebb98f65d11f2a9b3a"
  integrity sha512-mE00Gnza5EEB3Ds0HfMyllZzbBrmLOX3vfWoj9A9PEnTfratQ/BcaJOuMhnkhjXvb2+FkY3VuHqtAGpTPmglFQ==

isexe@^2.0.0:
  version "2.0.0"
  resolved "https://registry.yarnpkg.com/isexe/-/isexe-2.0.0.tgz#e8fbf374dc556ff8947a10dcb0572d633f2cfa10"
  integrity sha512-RHxMLp9lnKHGHRng9QFhRCMbYAcVpn69smSGcq3f36xjgVVWThj4qqLbTLlq7Ssj8B+fIQ1EuCEGI2lKsyQeIw==

jessie.js@^0.3.4:
  version "0.3.4"
  resolved "https://registry.yarnpkg.com/jessie.js/-/jessie.js-0.3.4.tgz#7e35dadc91cf4740d2ddc8a58b6cd0a99eb64a08"
  integrity sha512-JYJm6nXuFIO/X6OWLBatorgqmFVYbenqnFP0UDalO2OQ6sn58VeJ3cKtMQ0l0TM0JnCx4wKhyO4BQQ/ilxjd6g==
  dependencies:
    "@endo/far" "^1.0.0"

js-tokens@^4.0.0:
  version "4.0.0"
  resolved "https://registry.yarnpkg.com/js-tokens/-/js-tokens-4.0.0.tgz#19203fb59991df98e3a287050d4647cdeaf32499"
  integrity sha512-RdJUflcE3cUzKiMqQgsCu06FPu9UdIJO0beYbPhHN4k6apgJtifcoCtT9bcxOpYBtpD2kCM6Sbzg4CausW/PKQ==

jsesc@^3.0.2:
  version "3.1.0"
  resolved "https://registry.yarnpkg.com/jsesc/-/jsesc-3.1.0.tgz#74d335a234f67ed19907fdadfac7ccf9d409825d"
  integrity sha512-/sM3dO2FOzXjKQhJuo0Q173wf2KOo8t4I8vHy6lF9poUp7bKT0/NHE8fPX23PwfhnykfqnC2xRxOnVw5XuGIaA==

ms@^2.1.3:
  version "2.1.3"
  resolved "https://registry.yarnpkg.com/ms/-/ms-2.1.3.tgz#574c8138ce1d2b5861f0b44579dbadd60c6615b2"
  integrity sha512-6FlzubTLZG3J2a/NVCAleEhjzq5oxgHyaCU9yYXvcLsvoVaHJq/s5xXI6/XXP6tz7R9xAOtHnSO/tXtF3WRTlA==

npm-run-path@^6.0.0:
  version "6.0.0"
  resolved "https://registry.yarnpkg.com/npm-run-path/-/npm-run-path-6.0.0.tgz#25cfdc4eae04976f3349c0b1afc089052c362537"
  integrity sha512-9qny7Z9DsQU8Ou39ERsPU4OZQlSTP47ShQzuKZ6PRXpYLtIFgl/DEBYEXKlvcEa+9tHVcK8CF81Y2V72qaZhWA==
  dependencies:
    path-key "^4.0.0"
    unicorn-magic "^0.3.0"

parse-ms@^4.0.0:
  version "4.0.0"
  resolved "https://registry.yarnpkg.com/parse-ms/-/parse-ms-4.0.0.tgz#c0c058edd47c2a590151a718990533fd62803df4"
  integrity sha512-TXfryirbmq34y8QBwgqCVLi+8oA3oWx2eAnSn62ITyEhEYaWRlVZ2DvMM9eZbMs/RfxPu/PK/aBLyGj4IrqMHw==

path-key@^3.1.0:
  version "3.1.1"
  resolved "https://registry.yarnpkg.com/path-key/-/path-key-3.1.1.tgz#581f6ade658cbba65a0d3380de7753295054f375"
  integrity sha512-ojmeN0qd+y0jszEtoY48r0Peq5dwMEkIlCOu6Q5f41lfkswXuKtYrhgoTpLnyIcHm24Uhqx+5Tqm2InSwLhE6Q==

path-key@^4.0.0:
  version "4.0.0"
  resolved "https://registry.yarnpkg.com/path-key/-/path-key-4.0.0.tgz#295588dc3aee64154f877adb9d780b81c554bf18"
  integrity sha512-haREypq7xkM7ErfgIyA0z+Bj4AGKlMSdlQE2jvJo6huWD1EdkKYV+G/T4nq0YEF2vgTT8kqMFKo1uHn950r4SQ==

picocolors@^1.1.1:
  version "1.1.1"
  resolved "https://registry.yarnpkg.com/picocolors/-/picocolors-1.1.1.tgz#3d321af3eab939b083c8f929a1d12cda81c26b6b"
  integrity sha512-xceH2snhtb5M9liqDsmEw56le376mTZkEX/jEb/RxNFyegNul7eNslCXP9FDj/Lcu0X8KEyMceP2ntpaHrDEVA==

pretty-ms@^9.2.0:
  version "9.2.0"
  resolved "https://registry.yarnpkg.com/pretty-ms/-/pretty-ms-9.2.0.tgz#e14c0aad6493b69ed63114442a84133d7e560ef0"
  integrity sha512-4yf0QO/sllf/1zbZWYnvWw3NxCQwLXKzIj0G849LSufP15BXKM0rbD2Z3wVnkMfjdn/CB0Dpp444gYAACdsplg==
  dependencies:
    parse-ms "^4.0.0"

query-string@^9.1.1:
  version "9.2.1"
  resolved "https://registry.yarnpkg.com/query-string/-/query-string-9.2.1.tgz#67bd95f6e2cb64eafecfb0504be7cc38bcd4dd11"
  integrity sha512-3jTGGLRzlhu/1ws2zlr4Q+GVMLCQTLFOj8CMX5x44cdZG9FQE07x2mQhaNxaKVPNmIDu0mvJ/cEwtY7Pim7hqA==
  dependencies:
    decode-uri-component "^0.4.1"
    filter-obj "^5.1.0"
    split-on-first "^3.0.0"

ses@^1.13.1:
  version "1.13.1"
  resolved "https://registry.yarnpkg.com/ses/-/ses-1.13.1.tgz#f73a8f6995d82d30fe60bee96f3b16a1ffbb663e"
  integrity sha512-S3bHoi+rAdeWIF1+kDHzhSnAjEUV3iVDjiBybTuZtjsjtKeJmkrWfD0S+h4Dj14bg4qTGYhjw14iaV3RwIhRGA==
  dependencies:
    "@endo/env-options" "^1.1.10"
    "@endo/immutable-arraybuffer" "^1.1.1"

shebang-command@^2.0.0:
  version "2.0.0"
  resolved "https://registry.yarnpkg.com/shebang-command/-/shebang-command-2.0.0.tgz#ccd0af4f8835fbdc265b82461aaf0c36663f34ea"
  integrity sha512-kHxr2zZpYtdmrN1qDjrrX/Z1rR1kG8Dx+gkpK1G4eXmvXswmcE1hTWBWYUzlraYw1/yZp6YuDY77YtvbN0dmDA==
  dependencies:
    shebang-regex "^3.0.0"

shebang-regex@^3.0.0:
  version "3.0.0"
  resolved "https://registry.yarnpkg.com/shebang-regex/-/shebang-regex-3.0.0.tgz#ae16f1644d873ecad843b0307b143362d4c42172"
  integrity sha512-7++dFhtcx3353uBaq8DDR4NuxBetBzC7ZQOhmTQInHEd6bSrXdiEyzCvG07Z44UYdLShWUyXt5M/yhz8ekcb1A==

signal-exit@^4.1.0:
  version "4.1.0"
  resolved "https://registry.yarnpkg.com/signal-exit/-/signal-exit-4.1.0.tgz#952188c1cbd546070e2dd20d0f41c0ae0530cb04"
  integrity sha512-bzyZ1e88w9O1iNJbKnOlvYTrWPDl46O1bG0D3XInv+9tkPrxrN8jUUTiFlDkkmKWgn1M6CfIA13SuGqOa9Korw==

split-on-first@^3.0.0:
  version "3.0.0"
  resolved "https://registry.yarnpkg.com/split-on-first/-/split-on-first-3.0.0.tgz#f04959c9ea8101b9b0bbf35a61b9ebea784a23e7"
  integrity sha512-qxQJTx2ryR0Dw0ITYyekNQWpz6f8dGd7vffGNflQQ3Iqj9NJ6qiZ7ELpZsJ/QBhIVAiDfXdag3+Gp8RvWa62AA==

strip-final-newline@^4.0.0:
  version "4.0.0"
  resolved "https://registry.yarnpkg.com/strip-final-newline/-/strip-final-newline-4.0.0.tgz#35a369ec2ac43df356e3edd5dcebb6429aa1fa5c"
  integrity sha512-aulFJcD6YK8V1G7iRB5tigAP4TsHBZZrOV8pjV++zdUwmeV8uzbY7yn6h9MswN62adStNZFuCIx4haBnRuMDaw==

unicorn-magic@^0.3.0:
  version "0.3.0"
  resolved "https://registry.yarnpkg.com/unicorn-magic/-/unicorn-magic-0.3.0.tgz#4efd45c85a69e0dd576d25532fbfa22aa5c8a104"
  integrity sha512-+QBBXBCvifc56fsbuxZQ6Sic3wqqc3WWaqxs58gvJrcOuN83HGTCwz3oS5phzU9LthRNE9VrJCFCLUgHeeFnfA==

which@^2.0.1:
  version "2.0.2"
  resolved "https://registry.yarnpkg.com/which/-/which-2.0.2.tgz#7c6a8dd0a636a0327e10b59c9286eee93f3f51b1"
  integrity sha512-BLI3Tl1TW3Pvl70l3yq3Y64i+awpwXqsGBYWkkqMtnbXgrMD+yj7rhW0kuEDxzJaYXGjEW5ogapKNMEKNMjibA==
  dependencies:
    isexe "^2.0.0"

yoctocolors@^2.1.1:
  version "2.1.1"
  resolved "https://registry.yarnpkg.com/yoctocolors/-/yoctocolors-2.1.1.tgz#e0167474e9fbb9e8b3ecca738deaa61dd12e56fc"
  integrity sha512-GQHQqAopRhwU8Kt1DDM8NjibDXHC8eoh1erhGAJPEyveY9qqVeXvVikNKrDz69sHowPMorbPUrH/mx8c50eiBQ==
